// !$*UTF8*$!
{
	archiveVersion = 1;
	classes = {
	};
	objectVersion = 50;
	objects = {

/* Begin PBXBuildFile section */
		440A0B91260BD9A9007A40A9 /* AppDelegate.swift in Sources */ = {isa = PBXBuildFile; fileRef = 440A0B90260BD9A9007A40A9 /* AppDelegate.swift */; };
		440A0B93260BD9A9007A40A9 /* SceneDelegate.swift in Sources */ = {isa = PBXBuildFile; fileRef = 440A0B92260BD9A9007A40A9 /* SceneDelegate.swift */; };
		440A0B95260BD9A9007A40A9 /* ViewController.swift in Sources */ = {isa = PBXBuildFile; fileRef = 440A0B94260BD9A9007A40A9 /* ViewController.swift */; };
		440A0B98260BD9A9007A40A9 /* Main.storyboard in Resources */ = {isa = PBXBuildFile; fileRef = 440A0B96260BD9A9007A40A9 /* Main.storyboard */; };
		440A0B9A260BD9AC007A40A9 /* Assets.xcassets in Resources */ = {isa = PBXBuildFile; fileRef = 440A0B99260BD9AC007A40A9 /* Assets.xcassets */; };
		440A0B9D260BD9AC007A40A9 /* LaunchScreen.storyboard in Resources */ = {isa = PBXBuildFile; fileRef = 440A0B9B260BD9AC007A40A9 /* LaunchScreen.storyboard */; };
		440A0BA7260BDDE6007A40A9 /* ImageViewController.swift in Sources */ = {isa = PBXBuildFile; fileRef = 440A0BA6260BDDE6007A40A9 /* ImageViewController.swift */; };
/* End PBXBuildFile section */

/* Begin PBXFileReference section */
		440A0B8D260BD9A9007A40A9 /* NetworkingGetPost.app */ = {isa = PBXFileReference; explicitFileType = wrapper.application; includeInIndex = 0; path = NetworkingGetPost.app; sourceTree = BUILT_PRODUCTS_DIR; };
		440A0B90260BD9A9007A40A9 /* AppDelegate.swift */ = {isa = PBXFileReference; lastKnownFileType = sourcecode.swift; path = AppDelegate.swift; sourceTree = "<group>"; };
		440A0B92260BD9A9007A40A9 /* SceneDelegate.swift */ = {isa = PBXFileReference; lastKnownFileType = sourcecode.swift; path = SceneDelegate.swift; sourceTree = "<group>"; };
		440A0B94260BD9A9007A40A9 /* ViewController.swift */ = {isa = PBXFileReference; lastKnownFileType = sourcecode.swift; path = ViewController.swift; sourceTree = "<group>"; };
		440A0B97260BD9A9007A40A9 /* Base */ = {isa = PBXFileReference; lastKnownFileType = file.storyboard; name = Base; path = Base.lproj/Main.storyboard; sourceTree = "<group>"; };
		440A0B99260BD9AC007A40A9 /* Assets.xcassets */ = {isa = PBXFileReference; lastKnownFileType = folder.assetcatalog; path = Assets.xcassets; sourceTree = "<group>"; };
		440A0B9C260BD9AC007A40A9 /* Base */ = {isa = PBXFileReference; lastKnownFileType = file.storyboard; name = Base; path = Base.lproj/LaunchScreen.storyboard; sourceTree = "<group>"; };
		440A0B9E260BD9AC007A40A9 /* Info.plist */ = {isa = PBXFileReference; lastKnownFileType = text.plist.xml; path = Info.plist; sourceTree = "<group>"; };
		440A0BA6260BDDE6007A40A9 /* ImageViewController.swift */ = {isa = PBXFileReference; lastKnownFileType = sourcecode.swift; path = ImageViewController.swift; sourceTree = "<group>"; };
/* End PBXFileReference section */

/* Begin PBXFrameworksBuildPhase section */
		440A0B8A260BD9A9007A40A9 /* Frameworks */ = {
			isa = PBXFrameworksBuildPhase;
			buildActionMask = 2147483647;
			files = (
			);
			runOnlyForDeploymentPostprocessing = 0;
		};
/* End PBXFrameworksBuildPhase section */

/* Begin PBXGroup section */
		440A0B84260BD9A9007A40A9 = {
			isa = PBXGroup;
			children = (
				440A0B8F260BD9A9007A40A9 /* NetworkingGetPost */,
				440A0B8E260BD9A9007A40A9 /* Products */,
			);
			sourceTree = "<group>";
		};
		440A0B8E260BD9A9007A40A9 /* Products */ = {
			isa = PBXGroup;
			children = (
				440A0B8D260BD9A9007A40A9 /* NetworkingGetPost.app */,
			);
			name = Products;
			sourceTree = "<group>";
		};
		440A0B8F260BD9A9007A40A9 /* NetworkingGetPost */ = {
			isa = PBXGroup;
			children = (
				440A0B90260BD9A9007A40A9 /* AppDelegate.swift */,
				440A0B92260BD9A9007A40A9 /* SceneDelegate.swift */,
				440A0B94260BD9A9007A40A9 /* ViewController.swift */,
				440A0BA6260BDDE6007A40A9 /* ImageViewController.swift */,
				440A0B96260BD9A9007A40A9 /* Main.storyboard */,
				440A0B99260BD9AC007A40A9 /* Assets.xcassets */,
				440A0B9B260BD9AC007A40A9 /* LaunchScreen.storyboard */,
				440A0B9E260BD9AC007A40A9 /* Info.plist */,
			);
			path = NetworkingGetPost;
			sourceTree = "<group>";
		};
/* End PBXGroup section */

/* Begin PBXNativeTarget section */
		440A0B8C260BD9A9007A40A9 /* NetworkingGetPost */ = {
			isa = PBXNativeTarget;
			buildConfigurationList = 440A0BA1260BD9AC007A40A9 /* Build configuration list for PBXNativeTarget "NetworkingGetPost" */;
			buildPhases = (
				440A0B89260BD9A9007A40A9 /* Sources */,
				440A0B8A260BD9A9007A40A9 /* Frameworks */,
				440A0B8B260BD9A9007A40A9 /* Resources */,
			);
			buildRules = (
			);
			dependencies = (
			);
			name = NetworkingGetPost;
			productName = NetworkingGetPost;
			productReference = 440A0B8D260BD9A9007A40A9 /* NetworkingGetPost.app */;
			productType = "com.apple.product-type.application";
		};
/* End PBXNativeTarget section */

/* Begin PBXProject section */
		440A0B85260BD9A9007A40A9 /* Project object */ = {
			isa = PBXProject;
			attributes = {
				LastSwiftUpdateCheck = 1230;
				LastUpgradeCheck = 1230;
				TargetAttributes = {
					440A0B8C260BD9A9007A40A9 = {
						CreatedOnToolsVersion = 12.3;
					};
				};
			};
			buildConfigurationList = 440A0B88260BD9A9007A40A9 /* Build configuration list for PBXProject "NetworkingGetPost" */;
			compatibilityVersion = "Xcode 9.3";
			developmentRegion = en;
			hasScannedForEncodings = 0;
			knownRegions = (
				en,
				Base,
			);
			mainGroup = 440A0B84260BD9A9007A40A9;
			productRefGroup = 440A0B8E260BD9A9007A40A9 /* Products */;
			projectDirPath = "";
			projectRoot = "";
			targets = (
				440A0B8C260BD9A9007A40A9 /* NetworkingGetPost */,
			);
		};
/* End PBXProject section */

/* Begin PBXResourcesBuildPhase section */
		440A0B8B260BD9A9007A40A9 /* Resources */ = {
			isa = PBXResourcesBuildPhase;
			buildActionMask = 2147483647;
			files = (
				440A0B9D260BD9AC007A40A9 /* LaunchScreen.storyboard in Resources */,
				440A0B9A260BD9AC007A40A9 /* Assets.xcassets in Resources */,
				440A0B98260BD9A9007A40A9 /* Main.storyboard in Resources */,
			);
			runOnlyForDeploymentPostprocessing = 0;
		};
/* End PBXResourcesBuildPhase section */

/* Begin PBXSourcesBuildPhase section */
		440A0B89260BD9A9007A40A9 /* Sources */ = {
			isa = PBXSourcesBuildPhase;
			buildActionMask = 2147483647;
			files = (
				440A0B95260BD9A9007A40A9 /* ViewController.swift in Sources */,
				440A0B91260BD9A9007A40A9 /* AppDelegate.swift in Sources */,
				440A0BA7260BDDE6007A40A9 /* ImageViewController.swift in Sources */,
				440A0B93260BD9A9007A40A9 /* SceneDelegate.swift in Sources */,
			);
			runOnlyForDeploymentPostprocessing = 0;
		};
/* End PBXSourcesBuildPhase section */

/* Begin PBXVariantGroup section */
		440A0B96260BD9A9007A40A9 /* Main.storyboard */ = {
			isa = PBXVariantGroup;
			children = (
				440A0B97260BD9A9007A40A9 /* Base */,
			);
			name = Main.storyboard;
			sourceTree = "<group>";
		};
		440A0B9B260BD9AC007A40A9 /* LaunchScreen.storyboard */ = {
			isa = PBXVariantGroup;
			children = (
				440A0B9C260BD9AC007A40A9 /* Base */,
			);
			name = LaunchScreen.storyboard;
			sourceTree = "<group>";
		};
/* End PBXVariantGroup section */

/* Begin XCBuildConfiguration section */
		440A0B9F260BD9AC007A40A9 /* Debug */ = {
			isa = XCBuildConfiguration;
			buildSettings = {
				ALWAYS_SEARCH_USER_PATHS = NO;
				CLANG_ANALYZER_NONNULL = YES;
				CLANG_ANALYZER_NUMBER_OBJECT_CONVERSION = YES_AGGRESSIVE;
				CLANG_CXX_LANGUAGE_STANDARD = "gnu++14";
				CLANG_CXX_LIBRARY = "libc++";
				CLANG_ENABLE_MODULES = YES;
				CLANG_ENABLE_OBJC_ARC = YES;
				CLANG_ENABLE_OBJC_WEAK = YES;
				CLANG_WARN_BLOCK_CAPTURE_AUTORELEASING = YES;
				CLANG_WARN_BOOL_CONVERSION = YES;
				CLANG_WARN_COMMA = YES;
				CLANG_WARN_CONSTANT_CONVERSION = YES;
				CLANG_WARN_DEPRECATED_OBJC_IMPLEMENTATIONS = YES;
				CLANG_WARN_DIRECT_OBJC_ISA_USAGE = YES_ERROR;
				CLANG_WARN_DOCUMENTATION_COMMENTS = YES;
				CLANG_WARN_EMPTY_BODY = YES;
				CLANG_WARN_ENUM_CONVERSION = YES;
				CLANG_WARN_INFINITE_RECURSION = YES;
				CLANG_WARN_INT_CONVERSION = YES;
				CLANG_WARN_NON_LITERAL_NULL_CONVERSION = YES;
				CLANG_WARN_OBJC_IMPLICIT_RETAIN_SELF = YES;
				CLANG_WARN_OBJC_LITERAL_CONVERSION = YES;
				CLANG_WARN_OBJC_ROOT_CLASS = YES_ERROR;
				CLANG_WARN_QUOTED_INCLUDE_IN_FRAMEWORK_HEADER = YES;
				CLANG_WARN_RANGE_LOOP_ANALYSIS = YES;
				CLANG_WARN_STRICT_PROTOTYPES = YES;
				CLANG_WARN_SUSPICIOUS_MOVE = YES;
				CLANG_WARN_UNGUARDED_AVAILABILITY = YES_AGGRESSIVE;
				CLANG_WARN_UNREACHABLE_CODE = YES;
				CLANG_WARN__DUPLICATE_METHOD_MATCH = YES;
				COPY_PHASE_STRIP = NO;
				DEBUG_INFORMATION_FORMAT = dwarf;
				ENABLE_STRICT_OBJC_MSGSEND = YES;
				ENABLE_TESTABILITY = YES;
				GCC_C_LANGUAGE_STANDARD = gnu11;
				GCC_DYNAMIC_NO_PIC = NO;
				GCC_NO_COMMON_BLOCKS = YES;
				GCC_OPTIMIZATION_LEVEL = 0;
				GCC_PREPROCESSOR_DEFINITIONS = (
					"DEBUG=1",
					"$(inherited)",
				);
				GCC_WARN_64_TO_32_BIT_CONVERSION = YES;
				GCC_WARN_ABOUT_RETURN_TYPE = YES_ERROR;
				GCC_WARN_UNDECLARED_SELECTOR = YES;
				GCC_WARN_UNINITIALIZED_AUTOS = YES_AGGRESSIVE;
				GCC_WARN_UNUSED_FUNCTION = YES;
				GCC_WARN_UNUSED_VARIABLE = YES;
				IPHONEOS_DEPLOYMENT_TARGET = 14.3;
				MTL_ENABLE_DEBUG_INFO = INCLUDE_SOURCE;
				MTL_FAST_MATH = YES;
				ONLY_ACTIVE_ARCH = YES;
				SDKROOT = iphoneos;
				SWIFT_ACTIVE_COMPILATION_CONDITIONS = DEBUG;
				SWIFT_OPTIMIZATION_LEVEL = "-Onone";
			};
			name = Debug;
		};
		440A0BA0260BD9AC007A40A9 /* Release */ = {
			isa = XCBuildConfiguration;
			buildSettings = {
				ALWAYS_SEARCH_USER_PATHS = NO;
				CLANG_ANALYZER_NONNULL = YES;
				CLANG_ANALYZER_NUMBER_OBJECT_CONVERSION = YES_AGGRESSIVE;
				CLANG_CXX_LANGUAGE_STANDARD = "gnu++14";
				CLANG_CXX_LIBRARY = "libc++";
				CLANG_ENABLE_MODULES = YES;
				CLANG_ENABLE_OBJC_ARC = YES;
				CLANG_ENABLE_OBJC_WEAK = YES;
				CLANG_WARN_BLOCK_CAPTURE_AUTORELEASING = YES;
				CLANG_WARN_BOOL_CONVERSION = YES;
				CLANG_WARN_COMMA = YES;
				CLANG_WARN_CONSTANT_CONVERSION = YES;
				CLANG_WARN_DEPRECATED_OBJC_IMPLEMENTATIONS = YES;
				CLANG_WARN_DIRECT_OBJC_ISA_USAGE = YES_ERROR;
				CLANG_WARN_DOCUMENTATION_COMMENTS = YES;
				CLANG_WARN_EMPTY_BODY = YES;
				CLANG_WARN_ENUM_CONVERSION = YES;
				CLANG_WARN_INFINITE_RECURSION = YES;
				CLANG_WARN_INT_CONVERSION = YES;
				CLANG_WARN_NON_LITERAL_NULL_CONVERSION = YES;
				CLANG_WARN_OBJC_IMPLICIT_RETAIN_SELF = YES;
				CLANG_WARN_OBJC_LITERAL_CONVERSION = YES;
				CLANG_WARN_OBJC_ROOT_CLASS = YES_ERROR;
				CLANG_WARN_QUOTED_INCLUDE_IN_FRAMEWORK_HEADER = YES;
				CLANG_WARN_RANGE_LOOP_ANALYSIS = YES;
				CLANG_WARN_STRICT_PROTOTYPES = YES;
				CLANG_WARN_SUSPICIOUS_MOVE = YES;
				CLANG_WARN_UNGUARDED_AVAILABILITY = YES_AGGRESSIVE;
				CLANG_WARN_UNREACHABLE_CODE = YES;
				CLANG_WARN__DUPLICATE_METHOD_MATCH = YES;
				COPY_PHASE_STRIP = NO;
				DEBUG_INFORMATION_FORMAT = "dwarf-with-dsym";
				ENABLE_NS_ASSERTIONS = NO;
				ENABLE_STRICT_OBJC_MSGSEND = YES;
				GCC_C_LANGUAGE_STANDARD = gnu11;
				GCC_NO_COMMON_BLOCKS = YES;
				GCC_WARN_64_TO_32_BIT_CONVERSION = YES;
				GCC_WARN_ABOUT_RETURN_TYPE = YES_ERROR;
				GCC_WARN_UNDECLARED_SELECTOR = YES;
				GCC_WARN_UNINITIALIZED_AUTOS = YES_AGGRESSIVE;
				GCC_WARN_UNUSED_FUNCTION = YES;
				GCC_WARN_UNUSED_VARIABLE = YES;
				IPHONEOS_DEPLOYMENT_TARGET = 14.3;
				MTL_ENABLE_DEBUG_INFO = NO;
				MTL_FAST_MATH = YES;
				SDKROOT = iphoneos;
				SWIFT_COMPILATION_MODE = wholemodule;
				SWIFT_OPTIMIZATION_LEVEL = "-O";
				VALIDATE_PRODUCT = YES;
			};
			name = Release;
		};
		440A0BA2260BD9AC007A40A9 /* Debug */ = {
			isa = XCBuildConfiguration;
			buildSettings = {
				ASSETCATALOG_COMPILER_APPICON_NAME = AppIcon;
				ASSETCATALOG_COMPILER_GLOBAL_ACCENT_COLOR_NAME = AccentColor;
				CODE_SIGN_STYLE = Automatic;
				DEVELOPMENT_TEAM = 84N4PJWN7L;
				INFOPLIST_FILE = NetworkingGetPost/Info.plist;
				LD_RUNPATH_SEARCH_PATHS = (
					"$(inherited)",
					"@executable_path/Frameworks",
				);
				PRODUCT_BUNDLE_IDENTIFIER = "Nikita-Kogolenok.NetworkingGetPost";
				PRODUCT_NAME = "$(TARGET_NAME)";
				SWIFT_VERSION = 5.0;
				TARGETED_DEVICE_FAMILY = "1,2";
			};
			name = Debug;
		};
		440A0BA3260BD9AC007A40A9 /* Release */ = {
			isa = XCBuildConfiguration;
			buildSettings = {
				ASSETCATALOG_COMPILER_APPICON_NAME = AppIcon;
				ASSETCATALOG_COMPILER_GLOBAL_ACCENT_COLOR_NAME = AccentColor;
				CODE_SIGN_STYLE = Automatic;
				DEVELOPMENT_TEAM = 84N4PJWN7L;
				INFOPLIST_FILE = NetworkingGetPost/Info.plist;
				LD_RUNPATH_SEARCH_PATHS = (
					"$(inherited)",
					"@executable_path/Frameworks",
				);
				PRODUCT_BUNDLE_IDENTIFIER = "Nikita-Kogolenok.NetworkingGetPost";
				PRODUCT_NAME = "$(TARGET_NAME)";
				SWIFT_VERSION = 5.0;
				TARGETED_DEVICE_FAMILY = "1,2";
			};
			name = Release;
		};
/* End XCBuildConfiguration section */

/* Begin XCConfigurationList section */
		440A0B88260BD9A9007A40A9 /* Build configuration list for PBXProject "NetworkingGetPost" */ = {
			isa = XCConfigurationList;
			buildConfigurations = (
				440A0B9F260BD9AC007A40A9 /* Debug */,
				440A0BA0260BD9AC007A40A9 /* Release */,
			);
			defaultConfigurationIsVisible = 0;
			defaultConfigurationName = Release;
		};
		440A0BA1260BD9AC007A40A9 /* Build configuration list for PBXNativeTarget "NetworkingGetPost" */ = {
			isa = XCConfigurationList;
			buildConfigurations = (
				440A0BA2260BD9AC007A40A9 /* Debug */,
				440A0BA3260BD9AC007A40A9 /* Release */,
			);
			defaultConfigurationIsVisible = 0;
			defaultConfigurationName = Release;
		};
/* End XCConfigurationList section */
	};
	rootObject = 440A0B85260BD9A9007A40A9 /* Project object */;
}
